
Microsoft Visual Studio Solution File, Format Version 12.00
# Visual Studio 15
VisualStudioVersion = 15.0.28307.106
MinimumVisualStudioVersion = 10.0.40219.1
Project("{FAE04EC0-301F-11D3-BF4B-00C04F79EFBC}") = "MVCAppliacation", "MVCAppliacation\MVCAppliacation.csproj", "{098E0B26-D015-4490-9D0F-473CC62BBEA4}"
EndProject
Global
	GlobalSection(SolutionConfigurationPlatforms) = preSolution
		Debug|Any CPU = Debug|Any CPU
		Release|Any CPU = Release|Any CPU
	EndGlobalSection
	GlobalSection(ProjectConfigurationPlatforms) = postSolution
		{098E0B26-D015-4490-9D0F-473CC62BBEA4}.Debug|Any CPU.ActiveCfg = Debug|Any CPU
		{098E0B26-D015-4490-9D0F-473CC62BBEA4}.Debug|Any CPU.Build.0 = Debug|Any CPU
		{098E0B26-D015-4490-9D0F-473CC62BBEA4}.Release|Any CPU.ActiveCfg = Release|Any CPU
		{098E0B26-D015-4490-9D0F-473CC62BBEA4}.Release|Any CPU.Build.0 = Release|Any CPU
	EndGlobalSection
	GlobalSection(SolutionProperties) = preSolution
		HideSolutionNode = FALSE
	EndGlobalSection
	GlobalSection(ExtensibilityGlobals) = postSolution
		SolutionGuid = {9AE2189D-4007-4F09-AADE-864963414029}
	EndGlobalSection
EndGlobal
